{
  "name": "200808_webpack_terser",
  "version": "1.0.0",
  "lockfileVersion": 1,
  "requires": true,
  "dependencies": {
    "buffer-from": {
      "version": "1.1.1",
      "resolved": "https://repo.ncsoft.net:443/artifactory/api/npm/npm/buffer-from/-/buffer-from-1.1.1.tgz",
      "integrity": "sha1-MnE7wCj3XAL9txDXx7zsHyxgcO8="
    },
    "commander": {
      "version": "2.20.3",
      "resolved": "https://repo.ncsoft.net:443/artifactory/api/npm/npm/commander/-/commander-2.20.3.tgz",
      "integrity": "sha1-/UhehMA+tIgcIHIrpIA16FMa6zM="
    },
    "source-map": {
      "version": "0.6.1",
      "resolved": "https://repo.ncsoft.net:443/artifactory/api/npm/npm/source-map/-/source-map-0.6.1.tgz",
      "integrity": "sha1-dHIq8y6WFOnCh6jQu95IteLxomM="
    },
    "source-map-support": {
      "version": "0.5.19",
      "resolved": "https://repo.ncsoft.net:443/artifactory/api/npm/npm/source-map-support/-/source-map-support-0.5.19.tgz",
      "integrity": "sha1-qYti+G3K9PZzmWSMCFKRq56P7WE=",
      "requires": {
        "buffer-from": "^1.0.0",
        "source-map": "^0.6.0"
      }
    },
    "terser": {
      "version": "5.0.0",
      "resolved": "https://repo.ncsoft.net:443/artifactory/api/npm/npm/terser/-/terser-5.0.0.tgz",
      "integrity": "sha1-JpZA5OkvFdYo3h5fAcTGHhuj12U=",
      "requires": {
        "commander": "^2.20.0",
        "source-map": "~0.6.1",
        "source-map-support": "~0.5.12"
      }
    }
  }
}
