{
  "name": "210707_socketio",
  "version": "1.0.0",
  "lockfileVersion": 1,
  "requires": true,
  "dependencies": {
    "@types/component-emitter": {
      "version": "1.2.10",
      "resolved": "https://repo.ncsoft.net:443/artifactory/api/npm/npm/@types/component-emitter/-/component-emitter-1.2.10.tgz",
      "integrity": "sha1-71sVibnxZURkLkc9tepWORB+8+o=",
      "dev": true
    },
    "@types/cookie": {
      "version": "0.4.1",
      "resolved": "https://repo.ncsoft.net:443/artifactory/api/npm/npm/@types/cookie/-/cookie-0.4.1.tgz",
      "integrity": "sha1-v9AsHyIkVnZ2wVRRmfh8OoYdh40=",
      "dev": true
    },
    "@types/cors": {
      "version": "2.8.11",
      "resolved": "https://repo.ncsoft.net:443/artifactory/api/npm/npm/@types/cors/-/cors-2.8.11.tgz",
      "integrity": "sha1-C70DbMbIxj4OXWQRX6lpLqu36qM=",
      "dev": true
    },
    "@types/node": {
      "version": "16.0.0",
      "resolved": "https://repo.ncsoft.net:443/artifactory/api/npm/npm/@types/node/-/node-16.0.0.tgz",
      "integrity": "sha1-BnpsSdx6XCQSpQVijiaQKulnv28=",
      "dev": true
    },
    "accepts": {
      "version": "1.3.7",
      "resolved": "https://repo.ncsoft.net:443/artifactory/api/npm/npm/accepts/-/accepts-1.3.7.tgz",
      "integrity": "sha1-UxvHJlF6OytB+FACHGzBXqq1B80=",
      "dev": true,
      "requires": {
        "mime-types": "~2.1.24",
        "negotiator": "0.6.2"
      }
    },
    "backo2": {
      "version": "1.0.2",
      "resolved": "https://repo.ncsoft.net:443/artifactory/api/npm/npm/backo2/-/backo2-1.0.2.tgz",
      "integrity": "sha1-MasayLEpNjRj41s+u2n038+6eUc=",
      "dev": true
    },
    "base64-arraybuffer": {
      "version": "0.1.4",
      "resolved": "https://repo.ncsoft.net:443/artifactory/api/npm/npm/base64-arraybuffer/-/base64-arraybuffer-0.1.4.tgz",
      "integrity": "sha1-mBjHngWbE1X5fgQooBfIOOkLqBI=",
      "dev": true
    },
    "base64id": {
      "version": "2.0.0",
      "resolved": "https://repo.ncsoft.net:443/artifactory/api/npm/npm/base64id/-/base64id-2.0.0.tgz",
      "integrity": "sha1-J3Csa8R9MSr5eov5pjQ0LgzSXLY=",
      "dev": true
    },
    "component-emitter": {
      "version": "1.3.0",
      "resolved": "https://repo.ncsoft.net:443/artifactory/api/npm/npm/component-emitter/-/component-emitter-1.3.0.tgz",
      "integrity": "sha1-FuQHD7qK4ptnnyIVhT7hgasuq8A=",
      "dev": true
    },
    "cookie": {
      "version": "0.4.1",
      "resolved": "https://repo.ncsoft.net:443/artifactory/api/npm/npm/cookie/-/cookie-0.4.1.tgz",
      "integrity": "sha1-r9cT/ibr0hupXOth+agRblClN9E=",
      "dev": true
    },
    "cors": {
      "version": "2.8.5",
      "resolved": "https://repo.ncsoft.net:443/artifactory/api/npm/npm/cors/-/cors-2.8.5.tgz",
      "integrity": "sha1-6sEdpRWS3Ya58G9uesKTs9+HXSk=",
      "dev": true,
      "requires": {
        "object-assign": "^4",
        "vary": "^1"
      }
    },
    "debug": {
      "version": "4.3.2",
      "resolved": "https://repo.ncsoft.net:443/artifactory/api/npm/npm/debug/-/debug-4.3.2.tgz",
      "integrity": "sha1-8KScGKyHeeMdSgxgKd+3aHPHQos=",
      "dev": true,
      "requires": {
        "ms": "2.1.2"
      }
    },
    "engine.io": {
      "version": "5.1.1",
      "resolved": "https://repo.ncsoft.net:443/artifactory/api/npm/npm/engine.io/-/engine.io-5.1.1.tgz",
      "integrity": "sha1-ofl+Ud3xDL1NuLX/SxZarTdgzdM=",
      "dev": true,
      "requires": {
        "accepts": "~1.3.4",
        "base64id": "2.0.0",
        "cookie": "~0.4.1",
        "cors": "~2.8.5",
        "debug": "~4.3.1",
        "engine.io-parser": "~4.0.0",
        "ws": "~7.4.2"
      }
    },
    "engine.io-client": {
      "version": "5.1.2",
      "resolved": "https://repo.ncsoft.net:443/artifactory/api/npm/npm/engine.io-client/-/engine.io-client-5.1.2.tgz",
      "integrity": "sha1-JxCNqbOa4DJiRD2UXK8sqjZVxMs=",
      "dev": true,
      "requires": {
        "base64-arraybuffer": "0.1.4",
        "component-emitter": "~1.3.0",
        "debug": "~4.3.1",
        "engine.io-parser": "~4.0.1",
        "has-cors": "1.1.0",
        "parseqs": "0.0.6",
        "parseuri": "0.0.6",
        "ws": "~7.4.2",
        "yeast": "0.1.2"
      }
    },
    "engine.io-parser": {
      "version": "4.0.2",
      "resolved": "https://repo.ncsoft.net:443/artifactory/api/npm/npm/engine.io-parser/-/engine.io-parser-4.0.2.tgz",
      "integrity": "sha1-5B0LP7Zve/SjZx0gOKFUAk7bUB4=",
      "dev": true,
      "requires": {
        "base64-arraybuffer": "0.1.4"
      }
    },
    "has-cors": {
      "version": "1.1.0",
      "resolved": "https://repo.ncsoft.net:443/artifactory/api/npm/npm/has-cors/-/has-cors-1.1.0.tgz",
      "integrity": "sha1-XkdHk/fqmEPRu5nCPu9J/xJv/zk=",
      "dev": true
    },
    "mime-db": {
      "version": "1.48.0",
      "resolved": "https://repo.ncsoft.net:443/artifactory/api/npm/npm/mime-db/-/mime-db-1.48.0.tgz",
      "integrity": "sha1-41sxBF3X6to6qtU37YijOvvvLR0=",
      "dev": true
    },
    "mime-types": {
      "version": "2.1.31",
      "resolved": "https://repo.ncsoft.net:443/artifactory/api/npm/npm/mime-types/-/mime-types-2.1.31.tgz",
      "integrity": "sha1-oA12t0MXxh+cLbIhi46fjpxcnms=",
      "dev": true,
      "requires": {
        "mime-db": "1.48.0"
      }
    },
    "ms": {
      "version": "2.1.2",
      "resolved": "https://repo.ncsoft.net:443/artifactory/api/npm/npm/ms/-/ms-2.1.2.tgz",
      "integrity": "sha1-0J0fNXtEP0kzgqjrPM0YOHKuYAk=",
      "dev": true
    },
    "negotiator": {
      "version": "0.6.2",
      "resolved": "https://repo.ncsoft.net:443/artifactory/api/npm/npm/negotiator/-/negotiator-0.6.2.tgz",
      "integrity": "sha1-/qz3zPUlp3rpY0Q2pkiD/+yjRvs=",
      "dev": true
    },
    "object-assign": {
      "version": "4.1.1",
      "resolved": "https://repo.ncsoft.net:443/artifactory/api/npm/npm/object-assign/-/object-assign-4.1.1.tgz",
      "integrity": "sha1-IQmtx5ZYh8/AXLvUQsrIv7s2CGM=",
      "dev": true
    },
    "parseqs": {
      "version": "0.0.6",
      "resolved": "https://repo.ncsoft.net:443/artifactory/api/npm/npm/parseqs/-/parseqs-0.0.6.tgz",
      "integrity": "sha1-jku1oZ0c3IRKCKyXTTTic6+mcNU=",
      "dev": true
    },
    "parseuri": {
      "version": "0.0.6",
      "resolved": "https://repo.ncsoft.net:443/artifactory/api/npm/npm/parseuri/-/parseuri-0.0.6.tgz",
      "integrity": "sha1-4Ulugp46wv9H85pN0ESzKCPEolo=",
      "dev": true
    },
    "socket.io": {
      "version": "4.1.2",
      "resolved": "https://repo.ncsoft.net:443/artifactory/api/npm/npm/socket.io/-/socket.io-4.1.2.tgz",
      "integrity": "sha1-+Q+QAqjVUO/iqh0yDe67mkW4MjM=",
      "dev": true,
      "requires": {
        "@types/cookie": "^0.4.0",
        "@types/cors": "^2.8.8",
        "@types/node": ">=10.0.0",
        "accepts": "~1.3.4",
        "base64id": "~2.0.0",
        "debug": "~4.3.1",
        "engine.io": "~5.1.0",
        "socket.io-adapter": "~2.3.0",
        "socket.io-parser": "~4.0.3"
      }
    },
    "socket.io-adapter": {
      "version": "2.3.1",
      "resolved": "https://repo.ncsoft.net:443/artifactory/api/npm/npm/socket.io-adapter/-/socket.io-adapter-2.3.1.tgz",
      "integrity": "sha1-pEJyDLCaSCPPuBKH3aH5tS1MzbI=",
      "dev": true
    },
    "socket.io-client": {
      "version": "4.1.2",
      "resolved": "https://repo.ncsoft.net:443/artifactory/api/npm/npm/socket.io-client/-/socket.io-client-4.1.2.tgz",
      "integrity": "sha1-la1xEzGOoB+6CGAje5bXHhsf0us=",
      "dev": true,
      "requires": {
        "@types/component-emitter": "^1.2.10",
        "backo2": "~1.0.2",
        "component-emitter": "~1.3.0",
        "debug": "~4.3.1",
        "engine.io-client": "~5.1.1",
        "parseuri": "0.0.6",
        "socket.io-parser": "~4.0.4"
      }
    },
    "socket.io-parser": {
      "version": "4.0.4",
      "resolved": "https://repo.ncsoft.net:443/artifactory/api/npm/npm/socket.io-parser/-/socket.io-parser-4.0.4.tgz",
      "integrity": "sha1-nqIbDWFQjRgZbvBKLGuatjD0wrA=",
      "dev": true,
      "requires": {
        "@types/component-emitter": "^1.2.10",
        "component-emitter": "~1.3.0",
        "debug": "~4.3.1"
      }
    },
    "vary": {
      "version": "1.1.2",
      "resolved": "https://repo.ncsoft.net:443/artifactory/api/npm/npm/vary/-/vary-1.1.2.tgz",
      "integrity": "sha1-IpnwLG3tMNSllhsLn3RSShj2NPw=",
      "dev": true
    },
    "ws": {
      "version": "7.4.6",
      "resolved": "https://repo.ncsoft.net:443/artifactory/api/npm/npm/ws/-/ws-7.4.6.tgz",
      "integrity": "sha1-VlTKjs3u5HwzqaS/bSjivimAN3w=",
      "dev": true
    },
    "yeast": {
      "version": "0.1.2",
      "resolved": "https://repo.ncsoft.net:443/artifactory/api/npm/npm/yeast/-/yeast-0.1.2.tgz",
      "integrity": "sha1-AI4G2AlDIMNy28L47XagymyKxBk=",
      "dev": true
    }
  }
}
